{
  "name": "miniprogram-sign-desk",
  "version": "0.0.5",
  "lockfileVersion": 3,
  "requires": true,
  "packages": {
    "": {
      "name": "miniprogram-sign-desk",
      "version": "0.0.5",
      "dependencies": {
        "cos-wx-sdk-v5": "^1.4.10",
        "tdesign-miniprogram": "^1.1.2"
      },
      "devDependencies": {
        "miniprogram-api-typings": "^3.9.0"
      }
    },
    "node_modules/@xmldom/xmldom": {
      "version": "0.8.7",
      "resolved": "https://registry.npmmirror.com/@xmldom/xmldom/-/xmldom-0.8.7.tgz",
      "integrity": "sha512-sI1Ly2cODlWStkINzqGrZ8K6n+MTSbAeQnAipGyL+KZCXuHaRlj2gyyy8B/9MvsFFqN7XHryQnB2QwhzvJXovg==",
      "engines": {
        "node": ">=10.0.0"
      }
    },
    "node_modules/cos-wx-sdk-v5": {
      "version": "1.4.10",
      "resolved": "https://registry.npmmirror.com/cos-wx-sdk-v5/-/cos-wx-sdk-v5-1.4.10.tgz",
      "integrity": "sha512-q2/VtECCHAKUhrOxWq43BEpAgFY+0vexu/M3Cf3JV7fWaoJ+wLqeVvaOM1EZzMd3NS1nbAjqCCpuaVna67sFWg==",
      "dependencies": {
        "@xmldom/xmldom": "^0.8.6",
        "mime": "^2.4.6"
      }
    },
    "node_modules/dayjs": {
      "version": "1.11.7",
      "resolved": "https://registry.npmmirror.com/dayjs/-/dayjs-1.11.7.tgz",
      "integrity": "sha512-+Yw9U6YO5TQohxLcIkrXBeY73WP3ejHWVvx8XCk3gxvQDCTEmS48ZrSZCKciI7Bhl/uCMyxYtE9UqRILmFphkQ=="
    },
    "node_modules/mime": {
      "version": "2.6.0",
      "resolved": "https://registry.npmmirror.com/mime/-/mime-2.6.0.tgz",
      "integrity": "sha512-USPkMeET31rOMiarsBNIHZKLGgvKc/LrjofAnBlOttf5ajRvqiRA8QsenbcooctK6d6Ts6aqZXBA+XbkKthiQg==",
      "bin": {
        "mime": "cli.js"
      },
      "engines": {
        "node": ">=4.0.0"
      }
    },
    "node_modules/miniprogram-api-typings": {
      "version": "3.9.1",
      "resolved": "https://registry.npmmirror.com/miniprogram-api-typings/-/miniprogram-api-typings-3.9.1.tgz",
      "integrity": "sha512-oyratzOWyuFhBzONp06l0FBPu03ltCd1sRWoy2v38SnAKxtpZ8ySLTSEw//hIsBdocMda7fFZEjOG57L57mcUw==",
      "dev": true
    },
    "node_modules/tdesign-miniprogram": {
      "version": "1.1.2",
      "resolved": "https://registry.npmmirror.com/tdesign-miniprogram/-/tdesign-miniprogram-1.1.2.tgz",
      "integrity": "sha512-euEd88tvf9FOu/skqKW3HW7vMi/79FxWsDIoxgAwKOKZwpeWYfDJY+UOhepLjN1OsAFIT4CCpAhBbBHmtMfXiA==",
      "dependencies": {
        "dayjs": "^1.10.7"
      }
    }
  }
}
