lockfileVersion: '6.0'

dependencies:
  cos-wx-sdk-v5:
    specifier: ^1.4.10
    version: 1.4.10
  tdesign-miniprogram:
    specifier: ^1.1.6
    version: 1.1.6

devDependencies:
  miniprogram-api-typings:
    specifier: ^3.9.1
    version: 3.9.1

packages:

  /@xmldom/xmldom@0.8.7:
    resolution: {integrity: sha512-sI1Ly2cODlWStkINzqGrZ8K6n+MTSbAeQnAipGyL+KZCXuHaRlj2gyyy8B/9MvsFFqN7XHryQnB2QwhzvJXovg==}
    engines: {node: '>=10.0.0'}
    dev: false

  /cos-wx-sdk-v5@1.4.10:
    resolution: {integrity: sha512-q2/VtECCHAKUhrOxWq43BEpAgFY+0vexu/M3Cf3JV7fWaoJ+wLqeVvaOM1EZzMd3NS1nbAjqCCpuaVna67sFWg==}
    dependencies:
      '@xmldom/xmldom': 0.8.7
      mime: 2.6.0
    dev: false

  /dayjs@1.11.7:
    resolution: {integrity: sha512-+Yw9U6YO5TQohxLcIkrXBeY73WP3ejHWVvx8XCk3gxvQDCTEmS48ZrSZCKciI7Bhl/uCMyxYtE9UqRILmFphkQ==}
    dev: false

  /mime@2.6.0:
    resolution: {integrity: sha512-USPkMeET31rOMiarsBNIHZKLGgvKc/LrjofAnBlOttf5ajRvqiRA8QsenbcooctK6d6Ts6aqZXBA+XbkKthiQg==}
    engines: {node: '>=4.0.0'}
    hasBin: true
    dev: false

  /miniprogram-api-typings@3.9.1:
    resolution: {integrity: sha512-oyratzOWyuFhBzONp06l0FBPu03ltCd1sRWoy2v38SnAKxtpZ8ySLTSEw//hIsBdocMda7fFZEjOG57L57mcUw==}
    dev: true

  /tdesign-miniprogram@1.1.6:
    resolution: {integrity: sha512-slwfK3HoBtkYtYBcifTRPSTNEgKwHBwLkji2ED912so6QF8iwa71Fi7K8ghDjpJ3ntiyZJJgMHsUA4lfwnQLFg==}
    dependencies:
      dayjs: 1.11.7
    dev: false
